
Microsoft Visual Studio Solution File, Format Version 12.00
# Visual Studio Version 17
VisualStudioVersion = 17.6.33829.357
MinimumVisualStudioVersion = 10.0.40219.1
Project("{FAE04EC0-301F-11D3-BF4B-00C04F79EFBC}") = "ArrayValores", "ArrayValores\ArrayValores.csproj", "{8CF437CC-236C-44A4-85A0-DDF45F1B12EF}"
EndProject
Project("{FAE04EC0-301F-11D3-BF4B-00C04F79EFBC}") = "MaiorMenor", "MaiorMenor\MaiorMenor.csproj", "{7E2FA41C-87AF-4803-866B-A67DBEE10C61}"
EndProject
Project("{FAE04EC0-301F-11D3-BF4B-00C04F79EFBC}") = "Array-List", "Array-List\Array-List.csproj", "{A4719AA1-47F7-4330-ACD6-CD427AA5C01D}"
EndProject
Project("{FAE04EC0-301F-11D3-BF4B-00C04F79EFBC}") = "Lista", "Lista\Lista.csproj", "{C15668B1-5F01-494A-B442-1B324499E328}"
EndProject
Project("{FAE04EC0-301F-11D3-BF4B-00C04F79EFBC}") = "Fila", "Fila\Fila.csproj", "{9C14F177-0CFA-4782-A473-0865DDA2303A}"
EndProject
Project("{FAE04EC0-301F-11D3-BF4B-00C04F79EFBC}") = "Pilha", "Pilha\Pilha.csproj", "{6B3116EF-1FF1-43C8-90E4-B09675DB4BCF}"
EndProject
Project("{FAE04EC0-301F-11D3-BF4B-00C04F79EFBC}") = "Detetive", "Detetive\Detetive.csproj", "{40307A66-32B7-46C3-8A89-F8BBBB4AC9B3}"
EndProject
Project("{FAE04EC0-301F-11D3-BF4B-00C04F79EFBC}") = "FilaDeBanco", "FilaDeBanco\FilaDeBanco.csproj", "{B757EE7C-C8E6-4DE5-979B-13CCA4520C51}"
EndProject
Project("{FAE04EC0-301F-11D3-BF4B-00C04F79EFBC}") = "OrdemInversa", "OrdemInversa\OrdemInversa.csproj", "{5BA3886D-34AB-4C95-8B41-03D46BA4ADC1}"
EndProject
Project("{FAE04EC0-301F-11D3-BF4B-00C04F79EFBC}") = "MegaSena", "MegaSena\MegaSena.csproj", "{1E5BFA9D-FD5A-4340-BAB8-D828C5ED31B2}"
EndProject
Project("{FAE04EC0-301F-11D3-BF4B-00C04F79EFBC}") = "Funcoes", "Funcoes\Funcoes.csproj", "{A23CA6EA-0B06-4F12-8F3E-C86D4BADAB88}"
EndProject
Project("{FAE04EC0-301F-11D3-BF4B-00C04F79EFBC}") = "Exercicio1", "Exercicio1\Exercicio1.csproj", "{E60634B1-8081-4111-BD5D-AD4AD83D869C}"
EndProject
Project("{FAE04EC0-301F-11D3-BF4B-00C04F79EFBC}") = "Exercicio2", "Exercicio2\Exercicio2.csproj", "{F2283C21-EC51-4528-85F9-3C38C6E4259C}"
EndProject
Project("{FAE04EC0-301F-11D3-BF4B-00C04F79EFBC}") = "Exercicio3", "Exercicio3\Exercicio3.csproj", "{D6F351EF-0B4D-4713-AD7D-A320A22C1884}"
EndProject
Global
	GlobalSection(SolutionConfigurationPlatforms) = preSolution
		Debug|Any CPU = Debug|Any CPU
		Release|Any CPU = Release|Any CPU
	EndGlobalSection
	GlobalSection(ProjectConfigurationPlatforms) = postSolution
		{8CF437CC-236C-44A4-85A0-DDF45F1B12EF}.Debug|Any CPU.ActiveCfg = Debug|Any CPU
		{8CF437CC-236C-44A4-85A0-DDF45F1B12EF}.Debug|Any CPU.Build.0 = Debug|Any CPU
		{8CF437CC-236C-44A4-85A0-DDF45F1B12EF}.Release|Any CPU.ActiveCfg = Release|Any CPU
		{8CF437CC-236C-44A4-85A0-DDF45F1B12EF}.Release|Any CPU.Build.0 = Release|Any CPU
		{7E2FA41C-87AF-4803-866B-A67DBEE10C61}.Debug|Any CPU.ActiveCfg = Debug|Any CPU
		{7E2FA41C-87AF-4803-866B-A67DBEE10C61}.Debug|Any CPU.Build.0 = Debug|Any CPU
		{7E2FA41C-87AF-4803-866B-A67DBEE10C61}.Release|Any CPU.ActiveCfg = Release|Any CPU
		{7E2FA41C-87AF-4803-866B-A67DBEE10C61}.Release|Any CPU.Build.0 = Release|Any CPU
		{A4719AA1-47F7-4330-ACD6-CD427AA5C01D}.Debug|Any CPU.ActiveCfg = Debug|Any CPU
		{A4719AA1-47F7-4330-ACD6-CD427AA5C01D}.Debug|Any CPU.Build.0 = Debug|Any CPU
		{A4719AA1-47F7-4330-ACD6-CD427AA5C01D}.Release|Any CPU.ActiveCfg = Release|Any CPU
		{A4719AA1-47F7-4330-ACD6-CD427AA5C01D}.Release|Any CPU.Build.0 = Release|Any CPU
		{C15668B1-5F01-494A-B442-1B324499E328}.Debug|Any CPU.ActiveCfg = Debug|Any CPU
		{C15668B1-5F01-494A-B442-1B324499E328}.Debug|Any CPU.Build.0 = Debug|Any CPU
		{C15668B1-5F01-494A-B442-1B324499E328}.Release|Any CPU.ActiveCfg = Release|Any CPU
		{C15668B1-5F01-494A-B442-1B324499E328}.Release|Any CPU.Build.0 = Release|Any CPU
		{9C14F177-0CFA-4782-A473-0865DDA2303A}.Debug|Any CPU.ActiveCfg = Debug|Any CPU
		{9C14F177-0CFA-4782-A473-0865DDA2303A}.Debug|Any CPU.Build.0 = Debug|Any CPU
		{9C14F177-0CFA-4782-A473-0865DDA2303A}.Release|Any CPU.ActiveCfg = Release|Any CPU
		{9C14F177-0CFA-4782-A473-0865DDA2303A}.Release|Any CPU.Build.0 = Release|Any CPU
		{6B3116EF-1FF1-43C8-90E4-B09675DB4BCF}.Debug|Any CPU.ActiveCfg = Debug|Any CPU
		{6B3116EF-1FF1-43C8-90E4-B09675DB4BCF}.Debug|Any CPU.Build.0 = Debug|Any CPU
		{6B3116EF-1FF1-43C8-90E4-B09675DB4BCF}.Release|Any CPU.ActiveCfg = Release|Any CPU
		{6B3116EF-1FF1-43C8-90E4-B09675DB4BCF}.Release|Any CPU.Build.0 = Release|Any CPU
		{40307A66-32B7-46C3-8A89-F8BBBB4AC9B3}.Debug|Any CPU.ActiveCfg = Debug|Any CPU
		{40307A66-32B7-46C3-8A89-F8BBBB4AC9B3}.Debug|Any CPU.Build.0 = Debug|Any CPU
		{40307A66-32B7-46C3-8A89-F8BBBB4AC9B3}.Release|Any CPU.ActiveCfg = Release|Any CPU
		{40307A66-32B7-46C3-8A89-F8BBBB4AC9B3}.Release|Any CPU.Build.0 = Release|Any CPU
		{B757EE7C-C8E6-4DE5-979B-13CCA4520C51}.Debug|Any CPU.ActiveCfg = Debug|Any CPU
		{B757EE7C-C8E6-4DE5-979B-13CCA4520C51}.Debug|Any CPU.Build.0 = Debug|Any CPU
		{B757EE7C-C8E6-4DE5-979B-13CCA4520C51}.Release|Any CPU.ActiveCfg = Release|Any CPU
		{B757EE7C-C8E6-4DE5-979B-13CCA4520C51}.Release|Any CPU.Build.0 = Release|Any CPU
		{5BA3886D-34AB-4C95-8B41-03D46BA4ADC1}.Debug|Any CPU.ActiveCfg = Debug|Any CPU
		{5BA3886D-34AB-4C95-8B41-03D46BA4ADC1}.Debug|Any CPU.Build.0 = Debug|Any CPU
		{5BA3886D-34AB-4C95-8B41-03D46BA4ADC1}.Release|Any CPU.ActiveCfg = Release|Any CPU
		{5BA3886D-34AB-4C95-8B41-03D46BA4ADC1}.Release|Any CPU.Build.0 = Release|Any CPU
		{1E5BFA9D-FD5A-4340-BAB8-D828C5ED31B2}.Debug|Any CPU.ActiveCfg = Debug|Any CPU
		{1E5BFA9D-FD5A-4340-BAB8-D828C5ED31B2}.Debug|Any CPU.Build.0 = Debug|Any CPU
		{1E5BFA9D-FD5A-4340-BAB8-D828C5ED31B2}.Release|Any CPU.ActiveCfg = Release|Any CPU
		{1E5BFA9D-FD5A-4340-BAB8-D828C5ED31B2}.Release|Any CPU.Build.0 = Release|Any CPU
		{A23CA6EA-0B06-4F12-8F3E-C86D4BADAB88}.Debug|Any CPU.ActiveCfg = Debug|Any CPU
		{A23CA6EA-0B06-4F12-8F3E-C86D4BADAB88}.Debug|Any CPU.Build.0 = Debug|Any CPU
		{A23CA6EA-0B06-4F12-8F3E-C86D4BADAB88}.Release|Any CPU.ActiveCfg = Release|Any CPU
		{A23CA6EA-0B06-4F12-8F3E-C86D4BADAB88}.Release|Any CPU.Build.0 = Release|Any CPU
		{E60634B1-8081-4111-BD5D-AD4AD83D869C}.Debug|Any CPU.ActiveCfg = Debug|Any CPU
		{E60634B1-8081-4111-BD5D-AD4AD83D869C}.Debug|Any CPU.Build.0 = Debug|Any CPU
		{E60634B1-8081-4111-BD5D-AD4AD83D869C}.Release|Any CPU.ActiveCfg = Release|Any CPU
		{E60634B1-8081-4111-BD5D-AD4AD83D869C}.Release|Any CPU.Build.0 = Release|Any CPU
		{F2283C21-EC51-4528-85F9-3C38C6E4259C}.Debug|Any CPU.ActiveCfg = Debug|Any CPU
		{F2283C21-EC51-4528-85F9-3C38C6E4259C}.Debug|Any CPU.Build.0 = Debug|Any CPU
		{F2283C21-EC51-4528-85F9-3C38C6E4259C}.Release|Any CPU.ActiveCfg = Release|Any CPU
		{F2283C21-EC51-4528-85F9-3C38C6E4259C}.Release|Any CPU.Build.0 = Release|Any CPU
		{D6F351EF-0B4D-4713-AD7D-A320A22C1884}.Debug|Any CPU.ActiveCfg = Debug|Any CPU
		{D6F351EF-0B4D-4713-AD7D-A320A22C1884}.Debug|Any CPU.Build.0 = Debug|Any CPU
		{D6F351EF-0B4D-4713-AD7D-A320A22C1884}.Release|Any CPU.ActiveCfg = Release|Any CPU
		{D6F351EF-0B4D-4713-AD7D-A320A22C1884}.Release|Any CPU.Build.0 = Release|Any CPU
	EndGlobalSection
	GlobalSection(SolutionProperties) = preSolution
		HideSolutionNode = FALSE
	EndGlobalSection
	GlobalSection(ExtensibilityGlobals) = postSolution
		SolutionGuid = {A4DB2964-CDB6-4A39-85EE-F14442BB9072}
	EndGlobalSection
EndGlobal
