
Microsoft Visual Studio Solution File, Format Version 12.00
# Visual Studio Version 17
VisualStudioVersion = 17.6.33829.357
MinimumVisualStudioVersion = 10.0.40219.1
Project("{FAE04EC0-301F-11D3-BF4B-00C04F79EFBC}") = "Calculadora", "Calculadora\Calculadora.csproj", "{FF15BF1D-3015-47B6-AB0C-12129FD8763F}"
EndProject
Project("{FAE04EC0-301F-11D3-BF4B-00C04F79EFBC}") = "AntSuc", "AntSuc\AntSuc.csproj", "{918C6789-73BF-4ECF-86A9-BE58D1D63502}"
EndProject
Project("{FAE04EC0-301F-11D3-BF4B-00C04F79EFBC}") = "Loteria", "Loteria\Loteria.csproj", "{A7E45AFE-CFD6-4D98-9C6F-8F7FEB75086D}"
EndProject
Project("{FAE04EC0-301F-11D3-BF4B-00C04F79EFBC}") = "Senha", "Senha\Senha.csproj", "{4D4A1675-FBAF-4894-8E9A-0DD37124F6F9}"
EndProject
Project("{FAE04EC0-301F-11D3-BF4B-00C04F79EFBC}") = "Acesso", "Acesso\Acesso.csproj", "{5BB14A5B-1297-48B7-BD5F-C88D617E8CA6}"
EndProject
Project("{FAE04EC0-301F-11D3-BF4B-00C04F79EFBC}") = "Escola", "Escola\Escola.csproj", "{96B3BC06-E1B4-4C3F-B559-4D5D30EE2982}"
EndProject
Project("{FAE04EC0-301F-11D3-BF4B-00C04F79EFBC}") = "Eleicao", "Eleicao\Eleicao.csproj", "{8705A43D-F0F3-4FB5-90A1-DA20253F6F6A}"
EndProject
Project("{FAE04EC0-301F-11D3-BF4B-00C04F79EFBC}") = "Tinder", "Tinder\Tinder.csproj", "{33F9BDA5-A4BB-4D96-896C-F2E988B62768}"
EndProject
Project("{FAE04EC0-301F-11D3-BF4B-00C04F79EFBC}") = "Tabuada", "Tabuada\Tabuada.csproj", "{488F1426-8A46-45DC-82A4-CE9BBB24F8B7}"
EndProject
Project("{FAE04EC0-301F-11D3-BF4B-00C04F79EFBC}") = "Pesca", "Pesca\Pesca.csproj", "{96C69608-746B-4220-8A22-4F7080A6C2A5}"
EndProject
Project("{FAE04EC0-301F-11D3-BF4B-00C04F79EFBC}") = "Posto", "Posto\Posto.csproj", "{DBF6462E-E7AF-497F-B5DB-E9EC8756C62C}"
EndProject
Project("{FAE04EC0-301F-11D3-BF4B-00C04F79EFBC}") = "Soma", "Soma\Soma.csproj", "{1A75AB16-4D03-49B5-876E-B3B85C923319}"
EndProject
Project("{FAE04EC0-301F-11D3-BF4B-00C04F79EFBC}") = "Maior", "Maior\Maior.csproj", "{470CF043-E2F7-4AE4-8D90-5D8C5D0B9CA5}"
EndProject
Project("{FAE04EC0-301F-11D3-BF4B-00C04F79EFBC}") = "EleicaoTurbo", "EleicaoTurbo\EleicaoTurbo.csproj", "{679BF3B4-520C-4A69-B699-5105EBE78A88}"
EndProject
Project("{FAE04EC0-301F-11D3-BF4B-00C04F79EFBC}") = "Pares", "Pares\Pares.csproj", "{D0C23BC8-4DB4-4684-A5F2-26B6309B267F}"
EndProject
Project("{FAE04EC0-301F-11D3-BF4B-00C04F79EFBC}") = "Prefeitura", "Prefeitura\Prefeitura.csproj", "{127ECB78-8968-4E0F-B8C0-70B53653DF54}"
EndProject
Project("{FAE04EC0-301F-11D3-BF4B-00C04F79EFBC}") = "Inteiros", "Inteiros\Inteiros.csproj", "{3CD282B2-23E2-4613-8BBC-35E6E4C5B1D7}"
EndProject
Project("{FAE04EC0-301F-11D3-BF4B-00C04F79EFBC}") = "Desafio", "Desafio\Desafio.csproj", "{CD3D134D-2372-4A31-ACC3-D394647BDF7E}"
EndProject
Project("{FAE04EC0-301F-11D3-BF4B-00C04F79EFBC}") = "Jogo", "Jogo\Jogo.csproj", "{8A48E980-22A5-4627-8AA2-810925A2313E}"
EndProject
Project("{FAE04EC0-301F-11D3-BF4B-00C04F79EFBC}") = "Array", "Array\Array.csproj", "{D2C2A3B9-4582-430E-BFCB-0ADAEB924634}"
EndProject
Global
	GlobalSection(SolutionConfigurationPlatforms) = preSolution
		Debug|Any CPU = Debug|Any CPU
		Release|Any CPU = Release|Any CPU
	EndGlobalSection
	GlobalSection(ProjectConfigurationPlatforms) = postSolution
		{FF15BF1D-3015-47B6-AB0C-12129FD8763F}.Debug|Any CPU.ActiveCfg = Debug|Any CPU
		{FF15BF1D-3015-47B6-AB0C-12129FD8763F}.Debug|Any CPU.Build.0 = Debug|Any CPU
		{FF15BF1D-3015-47B6-AB0C-12129FD8763F}.Release|Any CPU.ActiveCfg = Release|Any CPU
		{FF15BF1D-3015-47B6-AB0C-12129FD8763F}.Release|Any CPU.Build.0 = Release|Any CPU
		{918C6789-73BF-4ECF-86A9-BE58D1D63502}.Debug|Any CPU.ActiveCfg = Debug|Any CPU
		{918C6789-73BF-4ECF-86A9-BE58D1D63502}.Debug|Any CPU.Build.0 = Debug|Any CPU
		{918C6789-73BF-4ECF-86A9-BE58D1D63502}.Release|Any CPU.ActiveCfg = Release|Any CPU
		{918C6789-73BF-4ECF-86A9-BE58D1D63502}.Release|Any CPU.Build.0 = Release|Any CPU
		{A7E45AFE-CFD6-4D98-9C6F-8F7FEB75086D}.Debug|Any CPU.ActiveCfg = Debug|Any CPU
		{A7E45AFE-CFD6-4D98-9C6F-8F7FEB75086D}.Debug|Any CPU.Build.0 = Debug|Any CPU
		{A7E45AFE-CFD6-4D98-9C6F-8F7FEB75086D}.Release|Any CPU.ActiveCfg = Release|Any CPU
		{A7E45AFE-CFD6-4D98-9C6F-8F7FEB75086D}.Release|Any CPU.Build.0 = Release|Any CPU
		{4D4A1675-FBAF-4894-8E9A-0DD37124F6F9}.Debug|Any CPU.ActiveCfg = Debug|Any CPU
		{4D4A1675-FBAF-4894-8E9A-0DD37124F6F9}.Debug|Any CPU.Build.0 = Debug|Any CPU
		{4D4A1675-FBAF-4894-8E9A-0DD37124F6F9}.Release|Any CPU.ActiveCfg = Release|Any CPU
		{4D4A1675-FBAF-4894-8E9A-0DD37124F6F9}.Release|Any CPU.Build.0 = Release|Any CPU
		{5BB14A5B-1297-48B7-BD5F-C88D617E8CA6}.Debug|Any CPU.ActiveCfg = Debug|Any CPU
		{5BB14A5B-1297-48B7-BD5F-C88D617E8CA6}.Debug|Any CPU.Build.0 = Debug|Any CPU
		{5BB14A5B-1297-48B7-BD5F-C88D617E8CA6}.Release|Any CPU.ActiveCfg = Release|Any CPU
		{5BB14A5B-1297-48B7-BD5F-C88D617E8CA6}.Release|Any CPU.Build.0 = Release|Any CPU
		{96B3BC06-E1B4-4C3F-B559-4D5D30EE2982}.Debug|Any CPU.ActiveCfg = Debug|Any CPU
		{96B3BC06-E1B4-4C3F-B559-4D5D30EE2982}.Debug|Any CPU.Build.0 = Debug|Any CPU
		{96B3BC06-E1B4-4C3F-B559-4D5D30EE2982}.Release|Any CPU.ActiveCfg = Release|Any CPU
		{96B3BC06-E1B4-4C3F-B559-4D5D30EE2982}.Release|Any CPU.Build.0 = Release|Any CPU
		{8705A43D-F0F3-4FB5-90A1-DA20253F6F6A}.Debug|Any CPU.ActiveCfg = Debug|Any CPU
		{8705A43D-F0F3-4FB5-90A1-DA20253F6F6A}.Debug|Any CPU.Build.0 = Debug|Any CPU
		{8705A43D-F0F3-4FB5-90A1-DA20253F6F6A}.Release|Any CPU.ActiveCfg = Release|Any CPU
		{8705A43D-F0F3-4FB5-90A1-DA20253F6F6A}.Release|Any CPU.Build.0 = Release|Any CPU
		{33F9BDA5-A4BB-4D96-896C-F2E988B62768}.Debug|Any CPU.ActiveCfg = Debug|Any CPU
		{33F9BDA5-A4BB-4D96-896C-F2E988B62768}.Debug|Any CPU.Build.0 = Debug|Any CPU
		{33F9BDA5-A4BB-4D96-896C-F2E988B62768}.Release|Any CPU.ActiveCfg = Release|Any CPU
		{33F9BDA5-A4BB-4D96-896C-F2E988B62768}.Release|Any CPU.Build.0 = Release|Any CPU
		{488F1426-8A46-45DC-82A4-CE9BBB24F8B7}.Debug|Any CPU.ActiveCfg = Debug|Any CPU
		{488F1426-8A46-45DC-82A4-CE9BBB24F8B7}.Debug|Any CPU.Build.0 = Debug|Any CPU
		{488F1426-8A46-45DC-82A4-CE9BBB24F8B7}.Release|Any CPU.ActiveCfg = Release|Any CPU
		{488F1426-8A46-45DC-82A4-CE9BBB24F8B7}.Release|Any CPU.Build.0 = Release|Any CPU
		{96C69608-746B-4220-8A22-4F7080A6C2A5}.Debug|Any CPU.ActiveCfg = Debug|Any CPU
		{96C69608-746B-4220-8A22-4F7080A6C2A5}.Debug|Any CPU.Build.0 = Debug|Any CPU
		{96C69608-746B-4220-8A22-4F7080A6C2A5}.Release|Any CPU.ActiveCfg = Release|Any CPU
		{96C69608-746B-4220-8A22-4F7080A6C2A5}.Release|Any CPU.Build.0 = Release|Any CPU
		{DBF6462E-E7AF-497F-B5DB-E9EC8756C62C}.Debug|Any CPU.ActiveCfg = Debug|Any CPU
		{DBF6462E-E7AF-497F-B5DB-E9EC8756C62C}.Debug|Any CPU.Build.0 = Debug|Any CPU
		{DBF6462E-E7AF-497F-B5DB-E9EC8756C62C}.Release|Any CPU.ActiveCfg = Release|Any CPU
		{DBF6462E-E7AF-497F-B5DB-E9EC8756C62C}.Release|Any CPU.Build.0 = Release|Any CPU
		{1A75AB16-4D03-49B5-876E-B3B85C923319}.Debug|Any CPU.ActiveCfg = Debug|Any CPU
		{1A75AB16-4D03-49B5-876E-B3B85C923319}.Debug|Any CPU.Build.0 = Debug|Any CPU
		{1A75AB16-4D03-49B5-876E-B3B85C923319}.Release|Any CPU.ActiveCfg = Release|Any CPU
		{1A75AB16-4D03-49B5-876E-B3B85C923319}.Release|Any CPU.Build.0 = Release|Any CPU
		{470CF043-E2F7-4AE4-8D90-5D8C5D0B9CA5}.Debug|Any CPU.ActiveCfg = Debug|Any CPU
		{470CF043-E2F7-4AE4-8D90-5D8C5D0B9CA5}.Debug|Any CPU.Build.0 = Debug|Any CPU
		{470CF043-E2F7-4AE4-8D90-5D8C5D0B9CA5}.Release|Any CPU.ActiveCfg = Release|Any CPU
		{470CF043-E2F7-4AE4-8D90-5D8C5D0B9CA5}.Release|Any CPU.Build.0 = Release|Any CPU
		{679BF3B4-520C-4A69-B699-5105EBE78A88}.Debug|Any CPU.ActiveCfg = Debug|Any CPU
		{679BF3B4-520C-4A69-B699-5105EBE78A88}.Debug|Any CPU.Build.0 = Debug|Any CPU
		{679BF3B4-520C-4A69-B699-5105EBE78A88}.Release|Any CPU.ActiveCfg = Release|Any CPU
		{679BF3B4-520C-4A69-B699-5105EBE78A88}.Release|Any CPU.Build.0 = Release|Any CPU
		{D0C23BC8-4DB4-4684-A5F2-26B6309B267F}.Debug|Any CPU.ActiveCfg = Debug|Any CPU
		{D0C23BC8-4DB4-4684-A5F2-26B6309B267F}.Debug|Any CPU.Build.0 = Debug|Any CPU
		{D0C23BC8-4DB4-4684-A5F2-26B6309B267F}.Release|Any CPU.ActiveCfg = Release|Any CPU
		{D0C23BC8-4DB4-4684-A5F2-26B6309B267F}.Release|Any CPU.Build.0 = Release|Any CPU
		{127ECB78-8968-4E0F-B8C0-70B53653DF54}.Debug|Any CPU.ActiveCfg = Debug|Any CPU
		{127ECB78-8968-4E0F-B8C0-70B53653DF54}.Debug|Any CPU.Build.0 = Debug|Any CPU
		{127ECB78-8968-4E0F-B8C0-70B53653DF54}.Release|Any CPU.ActiveCfg = Release|Any CPU
		{127ECB78-8968-4E0F-B8C0-70B53653DF54}.Release|Any CPU.Build.0 = Release|Any CPU
		{3CD282B2-23E2-4613-8BBC-35E6E4C5B1D7}.Debug|Any CPU.ActiveCfg = Debug|Any CPU
		{3CD282B2-23E2-4613-8BBC-35E6E4C5B1D7}.Debug|Any CPU.Build.0 = Debug|Any CPU
		{3CD282B2-23E2-4613-8BBC-35E6E4C5B1D7}.Release|Any CPU.ActiveCfg = Release|Any CPU
		{3CD282B2-23E2-4613-8BBC-35E6E4C5B1D7}.Release|Any CPU.Build.0 = Release|Any CPU
		{CD3D134D-2372-4A31-ACC3-D394647BDF7E}.Debug|Any CPU.ActiveCfg = Debug|Any CPU
		{CD3D134D-2372-4A31-ACC3-D394647BDF7E}.Debug|Any CPU.Build.0 = Debug|Any CPU
		{CD3D134D-2372-4A31-ACC3-D394647BDF7E}.Release|Any CPU.ActiveCfg = Release|Any CPU
		{CD3D134D-2372-4A31-ACC3-D394647BDF7E}.Release|Any CPU.Build.0 = Release|Any CPU
		{8A48E980-22A5-4627-8AA2-810925A2313E}.Debug|Any CPU.ActiveCfg = Debug|Any CPU
		{8A48E980-22A5-4627-8AA2-810925A2313E}.Debug|Any CPU.Build.0 = Debug|Any CPU
		{8A48E980-22A5-4627-8AA2-810925A2313E}.Release|Any CPU.ActiveCfg = Release|Any CPU
		{8A48E980-22A5-4627-8AA2-810925A2313E}.Release|Any CPU.Build.0 = Release|Any CPU
		{D2C2A3B9-4582-430E-BFCB-0ADAEB924634}.Debug|Any CPU.ActiveCfg = Debug|Any CPU
		{D2C2A3B9-4582-430E-BFCB-0ADAEB924634}.Debug|Any CPU.Build.0 = Debug|Any CPU
		{D2C2A3B9-4582-430E-BFCB-0ADAEB924634}.Release|Any CPU.ActiveCfg = Release|Any CPU
		{D2C2A3B9-4582-430E-BFCB-0ADAEB924634}.Release|Any CPU.Build.0 = Release|Any CPU
	EndGlobalSection
	GlobalSection(SolutionProperties) = preSolution
		HideSolutionNode = FALSE
	EndGlobalSection
	GlobalSection(ExtensibilityGlobals) = postSolution
		SolutionGuid = {2A4F430C-2186-4C9A-88DA-07FEA4C693BE}
	EndGlobalSection
EndGlobal
